
Microsoft Visual Studio Solution File, Format Version 12.00
# Visual Studio Version 16
VisualStudioVersion = 25.0.1704.0
MinimumVisualStudioVersion = 10.0.40219.1
Project("{FAE04EC0-301F-11D3-BF4B-00C04F79EFBC}") = "SPG.Venus.Tierheim.Domain", "SPG.Venus.Tierheim.Domain\SPG.Venus.Tierheim.Domain.csproj", "{37C82D45-0B54-41EC-BDAD-3C4A5645E82E}"
EndProject
Project("{FAE04EC0-301F-11D3-BF4B-00C04F79EFBC}") = "SPG.Venus.Tierheim.Domain.Test", "SPG.Venus.Tierheim.Domain.Test\SPG.Venus.Tierheim.Domain.Test.csproj", "{5646C08C-36CE-41C1-A327-59BE40A4A9D9}"
EndProject
Global
	GlobalSection(SolutionConfigurationPlatforms) = preSolution
		Debug|Any CPU = Debug|Any CPU
		Release|Any CPU = Release|Any CPU
	EndGlobalSection
	GlobalSection(ProjectConfigurationPlatforms) = postSolution
		{37C82D45-0B54-41EC-BDAD-3C4A5645E82E}.Debug|Any CPU.ActiveCfg = Debug|Any CPU
		{37C82D45-0B54-41EC-BDAD-3C4A5645E82E}.Debug|Any CPU.Build.0 = Debug|Any CPU
		{37C82D45-0B54-41EC-BDAD-3C4A5645E82E}.Release|Any CPU.ActiveCfg = Release|Any CPU
		{37C82D45-0B54-41EC-BDAD-3C4A5645E82E}.Release|Any CPU.Build.0 = Release|Any CPU
		{5646C08C-36CE-41C1-A327-59BE40A4A9D9}.Debug|Any CPU.ActiveCfg = Debug|Any CPU
		{5646C08C-36CE-41C1-A327-59BE40A4A9D9}.Debug|Any CPU.Build.0 = Debug|Any CPU
		{5646C08C-36CE-41C1-A327-59BE40A4A9D9}.Release|Any CPU.ActiveCfg = Release|Any CPU
		{5646C08C-36CE-41C1-A327-59BE40A4A9D9}.Release|Any CPU.Build.0 = Release|Any CPU
	EndGlobalSection
	GlobalSection(SolutionProperties) = preSolution
		HideSolutionNode = FALSE
	EndGlobalSection
	GlobalSection(ExtensibilityGlobals) = postSolution
		SolutionGuid = {71D8D68D-EC49-4877-9CA8-44F3494EDEAA}
	EndGlobalSection
EndGlobal
