
Microsoft Visual Studio Solution File, Format Version 12.00
# Visual Studio Version 16
VisualStudioVersion = 25.0.1704.0
MinimumVisualStudioVersion = 10.0.40219.1
Project("{FAE04EC0-301F-11D3-BF4B-00C04F79EFBC}") = "SPG.Venus.Tierheim.Domain", "SPG.Venus.Tierheim.Domain\SPG.Venus.Tierheim.Domain.csproj", "{37C82D45-0B54-41EC-BDAD-3C4A5645E82E}"
EndProject
Project("{FAE04EC0-301F-11D3-BF4B-00C04F79EFBC}") = "SPG.Venus.Tierheim.Domain.Test", "SPG.Venus.Tierheim.Domain.Test\SPG.Venus.Tierheim.Domain.Test.csproj", "{5646C08C-36CE-41C1-A327-59BE40A4A9D9}"
EndProject
Project("{FAE04EC0-301F-11D3-BF4B-00C04F79EFBC}") = "SPG.Venus.Tierheim.Infrastracture", "SPG.Venus.Tierheim.Infrastracture\SPG.Venus.Tierheim.Infrastracture.csproj", "{CFE81624-8EBF-4B4D-BC7E-06345521236A}"
EndProject
Project("{FAE04EC0-301F-11D3-BF4B-00C04F79EFBC}") = "SPG.Venus.Tierheim.Repository", "SPG.Venus.Tierheim.Repository\SPG.Venus.Tierheim.Repository.csproj", "{00933E62-FCA3-4307-B3C8-CFC3245B23D6}"
EndProject
Project("{FAE04EC0-301F-11D3-BF4B-00C04F79EFBC}") = "SPG.Venus.Tierheim.RepositoryTest", "SPG.Venus.Tierheim.RepositoryTest\SPG.Venus.Tierheim.RepositoryTest.csproj", "{07D280FB-960B-4C63-883F-62AB93C8576E}"
EndProject
Project("{FAE04EC0-301F-11D3-BF4B-00C04F79EFBC}") = "SPG.Venus.Tierheim.Application", "SPG.Venus.Tierheim.Application\SPG.Venus.Tierheim.Application.csproj", "{0139D9E1-E5DD-4199-9695-BF76110B1644}"
EndProject
Project("{FAE04EC0-301F-11D3-BF4B-00C04F79EFBC}") = "SPG.Venus.Tierheim.ApplicationTest", "SPG.Venus.Tierheim.ApplicationTest\SPG.Venus.Tierheim.ApplicationTest.csproj", "{06F593F2-3818-4BF1-8567-B5664B36EA49}"
EndProject
Project("{FAE04EC0-301F-11D3-BF4B-00C04F79EFBC}") = "SPG.Venus.Tierheim.RazorPages", "SPG.Venus.Tierheim.RazorPages\SPG.Venus.Tierheim.RazorPages.csproj", "{FEB0D789-24F1-4C14-9BC3-4D764BDFF5C3}"
EndProject
Global
	GlobalSection(SolutionConfigurationPlatforms) = preSolution
		Debug|Any CPU = Debug|Any CPU
		Release|Any CPU = Release|Any CPU
	EndGlobalSection
	GlobalSection(ProjectConfigurationPlatforms) = postSolution
		{37C82D45-0B54-41EC-BDAD-3C4A5645E82E}.Debug|Any CPU.ActiveCfg = Debug|Any CPU
		{37C82D45-0B54-41EC-BDAD-3C4A5645E82E}.Debug|Any CPU.Build.0 = Debug|Any CPU
		{37C82D45-0B54-41EC-BDAD-3C4A5645E82E}.Release|Any CPU.ActiveCfg = Release|Any CPU
		{37C82D45-0B54-41EC-BDAD-3C4A5645E82E}.Release|Any CPU.Build.0 = Release|Any CPU
		{5646C08C-36CE-41C1-A327-59BE40A4A9D9}.Debug|Any CPU.ActiveCfg = Debug|Any CPU
		{5646C08C-36CE-41C1-A327-59BE40A4A9D9}.Debug|Any CPU.Build.0 = Debug|Any CPU
		{5646C08C-36CE-41C1-A327-59BE40A4A9D9}.Release|Any CPU.ActiveCfg = Release|Any CPU
		{5646C08C-36CE-41C1-A327-59BE40A4A9D9}.Release|Any CPU.Build.0 = Release|Any CPU
		{CFE81624-8EBF-4B4D-BC7E-06345521236A}.Debug|Any CPU.ActiveCfg = Debug|Any CPU
		{CFE81624-8EBF-4B4D-BC7E-06345521236A}.Debug|Any CPU.Build.0 = Debug|Any CPU
		{CFE81624-8EBF-4B4D-BC7E-06345521236A}.Release|Any CPU.ActiveCfg = Release|Any CPU
		{CFE81624-8EBF-4B4D-BC7E-06345521236A}.Release|Any CPU.Build.0 = Release|Any CPU
		{00933E62-FCA3-4307-B3C8-CFC3245B23D6}.Debug|Any CPU.ActiveCfg = Debug|Any CPU
		{00933E62-FCA3-4307-B3C8-CFC3245B23D6}.Debug|Any CPU.Build.0 = Debug|Any CPU
		{00933E62-FCA3-4307-B3C8-CFC3245B23D6}.Release|Any CPU.ActiveCfg = Release|Any CPU
		{00933E62-FCA3-4307-B3C8-CFC3245B23D6}.Release|Any CPU.Build.0 = Release|Any CPU
		{07D280FB-960B-4C63-883F-62AB93C8576E}.Debug|Any CPU.ActiveCfg = Debug|Any CPU
		{07D280FB-960B-4C63-883F-62AB93C8576E}.Debug|Any CPU.Build.0 = Debug|Any CPU
		{07D280FB-960B-4C63-883F-62AB93C8576E}.Release|Any CPU.ActiveCfg = Release|Any CPU
		{07D280FB-960B-4C63-883F-62AB93C8576E}.Release|Any CPU.Build.0 = Release|Any CPU
		{0139D9E1-E5DD-4199-9695-BF76110B1644}.Debug|Any CPU.ActiveCfg = Debug|Any CPU
		{0139D9E1-E5DD-4199-9695-BF76110B1644}.Debug|Any CPU.Build.0 = Debug|Any CPU
		{0139D9E1-E5DD-4199-9695-BF76110B1644}.Release|Any CPU.ActiveCfg = Release|Any CPU
		{0139D9E1-E5DD-4199-9695-BF76110B1644}.Release|Any CPU.Build.0 = Release|Any CPU
		{06F593F2-3818-4BF1-8567-B5664B36EA49}.Debug|Any CPU.ActiveCfg = Debug|Any CPU
		{06F593F2-3818-4BF1-8567-B5664B36EA49}.Debug|Any CPU.Build.0 = Debug|Any CPU
		{06F593F2-3818-4BF1-8567-B5664B36EA49}.Release|Any CPU.ActiveCfg = Release|Any CPU
		{06F593F2-3818-4BF1-8567-B5664B36EA49}.Release|Any CPU.Build.0 = Release|Any CPU
		{FEB0D789-24F1-4C14-9BC3-4D764BDFF5C3}.Debug|Any CPU.ActiveCfg = Debug|Any CPU
		{FEB0D789-24F1-4C14-9BC3-4D764BDFF5C3}.Debug|Any CPU.Build.0 = Debug|Any CPU
		{FEB0D789-24F1-4C14-9BC3-4D764BDFF5C3}.Release|Any CPU.ActiveCfg = Release|Any CPU
		{FEB0D789-24F1-4C14-9BC3-4D764BDFF5C3}.Release|Any CPU.Build.0 = Release|Any CPU
	EndGlobalSection
	GlobalSection(SolutionProperties) = preSolution
		HideSolutionNode = FALSE
	EndGlobalSection
	GlobalSection(ExtensibilityGlobals) = postSolution
		SolutionGuid = {71D8D68D-EC49-4877-9CA8-44F3494EDEAA}
	EndGlobalSection
EndGlobal
